# THIS IS AN AUTOGENERATED FILE. DO NOT EDIT THIS FILE DIRECTLY.
# yarn lockfile v1


bitcoin-promise@^1.3.1:
  version "1.3.1"
  resolved "https://registry.yarnpkg.com/bitcoin-promise/-/bitcoin-promise-1.3.1.tgz#51ffe9ebf4554192aaac143cf6fd1910dc91d5ad"
  dependencies:
    bitcoin ">= 3.0.0"

"bitcoin@>= 3.0.0", bitcoin@^3.0.1:
  version "3.0.1"
  resolved "https://registry.yarnpkg.com/bitcoin/-/bitcoin-3.0.1.tgz#ff9e0b62a71bbb8adddb34ee2e427dac21c1096f"

starwars@^1.0.0:
  version "1.0.0"
  resolved "https://registry.yarnpkg.com/starwars/-/starwars-1.0.0.tgz#33d4bb687e107d275292e447e5f5a03c633deddf"
